
Microsoft Visual Studio Solution File, Format Version 12.00
# Visual Studio Version 17
VisualStudioVersion = 17.14.37411.7 d17.14
MinimumVisualStudioVersion = 10.0.40219.1
Project("{FAE04EC0-301F-11D3-BF4B-00C04F79EFBC}") = "MSR.API", "MSR.API\MSR.API.csproj", "{4CF04B28-E957-42C5-98F6-F18EB8B89853}"
EndProject
Global
	GlobalSection(SolutionConfigurationPlatforms) = preSolution
		Debug|Any CPU = Debug|Any CPU
		Release|Any CPU = Release|Any CPU
	EndGlobalSection
	GlobalSection(ProjectConfigurationPlatforms) = postSolution
		{4CF04B28-E957-42C5-98F6-F18EB8B89853}.Debug|Any CPU.ActiveCfg = Debug|Any CPU
		{4CF04B28-E957-42C5-98F6-F18EB8B89853}.Debug|Any CPU.Build.0 = Debug|Any CPU
		{4CF04B28-E957-42C5-98F6-F18EB8B89853}.Release|Any CPU.ActiveCfg = Release|Any CPU
		{4CF04B28-E957-42C5-98F6-F18EB8B89853}.Release|Any CPU.Build.0 = Release|Any CPU
	EndGlobalSection
	GlobalSection(SolutionProperties) = preSolution
		HideSolutionNode = FALSE
	EndGlobalSection
	GlobalSection(ExtensibilityGlobals) = postSolution
		SolutionGuid = {7FD649CD-EA02-4B2B-821F-6D73E1AEA32A}
	EndGlobalSection
EndGlobal
